
Microsoft Visual Studio Solution File, Format Version 12.00
# Visual Studio Version 17
VisualStudioVersion = 17.9.34414.90
MinimumVisualStudioVersion = 10.0.40219.1
Project("{9A19103F-16F7-4668-BE54-9A1E7A4F7556}") = "ShadowPluginLoader.WinUI", "ShadowPluginLoader.WinUI\ShadowPluginLoader.WinUI.csproj", "{BC65E12E-ACF2-4205-B1FC-F9C808244E92}"
EndProject
Project("{FAE04EC0-301F-11D3-BF4B-00C04F79EFBC}") = "ShadowExample.Plugin.Emoji", "ShadowExample.Plugin.Emoji\ShadowExample.Plugin.Emoji.csproj", "{516AF835-097D-4CF1-95BB-1B12B3B15694}"
EndProject
Project("{FAE04EC0-301F-11D3-BF4B-00C04F79EFBC}") = "ShadowExample.Core", "ShadowExample.Core\ShadowExample.Core.csproj", "{05E296B0-9E67-4385-9268-8BB4E54DECDE}"
	ProjectSection(ProjectDependencies) = postProject
		{BC65E12E-ACF2-4205-B1FC-F9C808244E92} = {BC65E12E-ACF2-4205-B1FC-F9C808244E92}
	EndProjectSection
EndProject
Project("{FAE04EC0-301F-11D3-BF4B-00C04F79EFBC}") = "ShadowPluginLoader.SourceGenerator", "ShadowPluginLoader.SourceGenerator\ShadowPluginLoader.SourceGenerator.csproj", "{672C3BFF-0FD9-4435-B8CF-DC5F6AC3E675}"
EndProject
Project("{2150E333-8FDC-42A3-9474-1A3956D46DE8}") = "Example", "Example", "{11C998D6-7B51-4118-A4B6-F0C6F2F9115D}"
EndProject
Project("{2150E333-8FDC-42A3-9474-1A3956D46DE8}") = "Test", "Test", "{02EA681E-C7D8-13C7-8484-4AC65E1B71E8}"
EndProject
Project("{FAE04EC0-301F-11D3-BF4B-00C04F79EFBC}") = "App1", "App1\App1.csproj", "{B9C25A70-6374-47B0-A4CD-0C2AE166F2EC}"
EndProject
Project("{FAE04EC0-301F-11D3-BF4B-00C04F79EFBC}") = "ShadowExample.Plugin.Hello", "ShadowExample.Plugin.Hello\ShadowExample.Plugin.Hello.csproj", "{793AF04F-7148-46AE-B87D-FB93D7CBBB6C}"
EndProject
Global
	GlobalSection(SolutionConfigurationPlatforms) = preSolution
		Debug|Any CPU = Debug|Any CPU
		Debug|ARM64 = Debug|ARM64
		Debug|x64 = Debug|x64
		Debug|x86 = Debug|x86
		Release|Any CPU = Release|Any CPU
		Release|ARM64 = Release|ARM64
		Release|x64 = Release|x64
		Release|x86 = Release|x86
	EndGlobalSection
	GlobalSection(ProjectConfigurationPlatforms) = postSolution
		{BC65E12E-ACF2-4205-B1FC-F9C808244E92}.Debug|Any CPU.ActiveCfg = Debug|Any CPU
		{BC65E12E-ACF2-4205-B1FC-F9C808244E92}.Debug|Any CPU.Build.0 = Debug|Any CPU
		{BC65E12E-ACF2-4205-B1FC-F9C808244E92}.Debug|ARM64.ActiveCfg = Debug|Any CPU
		{BC65E12E-ACF2-4205-B1FC-F9C808244E92}.Debug|ARM64.Build.0 = Debug|Any CPU
		{BC65E12E-ACF2-4205-B1FC-F9C808244E92}.Debug|x64.ActiveCfg = Debug|Any CPU
		{BC65E12E-ACF2-4205-B1FC-F9C808244E92}.Debug|x64.Build.0 = Debug|Any CPU
		{BC65E12E-ACF2-4205-B1FC-F9C808244E92}.Debug|x86.ActiveCfg = Debug|Any CPU
		{BC65E12E-ACF2-4205-B1FC-F9C808244E92}.Debug|x86.Build.0 = Debug|Any CPU
		{BC65E12E-ACF2-4205-B1FC-F9C808244E92}.Release|Any CPU.ActiveCfg = Release|Any CPU
		{BC65E12E-ACF2-4205-B1FC-F9C808244E92}.Release|Any CPU.Build.0 = Release|Any CPU
		{BC65E12E-ACF2-4205-B1FC-F9C808244E92}.Release|ARM64.ActiveCfg = Release|Any CPU
		{BC65E12E-ACF2-4205-B1FC-F9C808244E92}.Release|ARM64.Build.0 = Release|Any CPU
		{BC65E12E-ACF2-4205-B1FC-F9C808244E92}.Release|x64.ActiveCfg = Release|Any CPU
		{BC65E12E-ACF2-4205-B1FC-F9C808244E92}.Release|x64.Build.0 = Release|Any CPU
		{BC65E12E-ACF2-4205-B1FC-F9C808244E92}.Release|x86.ActiveCfg = Release|Any CPU
		{BC65E12E-ACF2-4205-B1FC-F9C808244E92}.Release|x86.Build.0 = Release|Any CPU
		{516AF835-097D-4CF1-95BB-1B12B3B15694}.Debug|Any CPU.ActiveCfg = Debug|Any CPU
		{516AF835-097D-4CF1-95BB-1B12B3B15694}.Debug|Any CPU.Build.0 = Debug|Any CPU
		{516AF835-097D-4CF1-95BB-1B12B3B15694}.Debug|ARM64.ActiveCfg = Debug|Any CPU
		{516AF835-097D-4CF1-95BB-1B12B3B15694}.Debug|ARM64.Build.0 = Debug|Any CPU
		{516AF835-097D-4CF1-95BB-1B12B3B15694}.Debug|x64.ActiveCfg = Debug|Any CPU
		{516AF835-097D-4CF1-95BB-1B12B3B15694}.Debug|x64.Build.0 = Debug|Any CPU
		{516AF835-097D-4CF1-95BB-1B12B3B15694}.Debug|x86.ActiveCfg = Debug|Any CPU
		{516AF835-097D-4CF1-95BB-1B12B3B15694}.Debug|x86.Build.0 = Debug|Any CPU
		{516AF835-097D-4CF1-95BB-1B12B3B15694}.Release|Any CPU.ActiveCfg = Release|Any CPU
		{516AF835-097D-4CF1-95BB-1B12B3B15694}.Release|Any CPU.Build.0 = Release|Any CPU
		{516AF835-097D-4CF1-95BB-1B12B3B15694}.Release|ARM64.ActiveCfg = Release|Any CPU
		{516AF835-097D-4CF1-95BB-1B12B3B15694}.Release|ARM64.Build.0 = Release|Any CPU
		{516AF835-097D-4CF1-95BB-1B12B3B15694}.Release|x64.ActiveCfg = Release|Any CPU
		{516AF835-097D-4CF1-95BB-1B12B3B15694}.Release|x64.Build.0 = Release|Any CPU
		{516AF835-097D-4CF1-95BB-1B12B3B15694}.Release|x86.ActiveCfg = Release|Any CPU
		{516AF835-097D-4CF1-95BB-1B12B3B15694}.Release|x86.Build.0 = Release|Any CPU
		{05E296B0-9E67-4385-9268-8BB4E54DECDE}.Debug|Any CPU.ActiveCfg = Debug|Any CPU
		{05E296B0-9E67-4385-9268-8BB4E54DECDE}.Debug|Any CPU.Build.0 = Debug|Any CPU
		{05E296B0-9E67-4385-9268-8BB4E54DECDE}.Debug|ARM64.ActiveCfg = Debug|Any CPU
		{05E296B0-9E67-4385-9268-8BB4E54DECDE}.Debug|ARM64.Build.0 = Debug|Any CPU
		{05E296B0-9E67-4385-9268-8BB4E54DECDE}.Debug|x64.ActiveCfg = Debug|Any CPU
		{05E296B0-9E67-4385-9268-8BB4E54DECDE}.Debug|x64.Build.0 = Debug|Any CPU
		{05E296B0-9E67-4385-9268-8BB4E54DECDE}.Debug|x86.ActiveCfg = Debug|Any CPU
		{05E296B0-9E67-4385-9268-8BB4E54DECDE}.Debug|x86.Build.0 = Debug|Any CPU
		{05E296B0-9E67-4385-9268-8BB4E54DECDE}.Release|Any CPU.ActiveCfg = Release|Any CPU
		{05E296B0-9E67-4385-9268-8BB4E54DECDE}.Release|Any CPU.Build.0 = Release|Any CPU
		{05E296B0-9E67-4385-9268-8BB4E54DECDE}.Release|ARM64.ActiveCfg = Release|Any CPU
		{05E296B0-9E67-4385-9268-8BB4E54DECDE}.Release|ARM64.Build.0 = Release|Any CPU
		{05E296B0-9E67-4385-9268-8BB4E54DECDE}.Release|x64.ActiveCfg = Release|Any CPU
		{05E296B0-9E67-4385-9268-8BB4E54DECDE}.Release|x64.Build.0 = Release|Any CPU
		{05E296B0-9E67-4385-9268-8BB4E54DECDE}.Release|x86.ActiveCfg = Release|Any CPU
		{05E296B0-9E67-4385-9268-8BB4E54DECDE}.Release|x86.Build.0 = Release|Any CPU
		{672C3BFF-0FD9-4435-B8CF-DC5F6AC3E675}.Debug|Any CPU.ActiveCfg = Debug|Any CPU
		{672C3BFF-0FD9-4435-B8CF-DC5F6AC3E675}.Debug|Any CPU.Build.0 = Debug|Any CPU
		{672C3BFF-0FD9-4435-B8CF-DC5F6AC3E675}.Debug|ARM64.ActiveCfg = Debug|Any CPU
		{672C3BFF-0FD9-4435-B8CF-DC5F6AC3E675}.Debug|ARM64.Build.0 = Debug|Any CPU
		{672C3BFF-0FD9-4435-B8CF-DC5F6AC3E675}.Debug|x64.ActiveCfg = Debug|Any CPU
		{672C3BFF-0FD9-4435-B8CF-DC5F6AC3E675}.Debug|x64.Build.0 = Debug|Any CPU
		{672C3BFF-0FD9-4435-B8CF-DC5F6AC3E675}.Debug|x86.ActiveCfg = Debug|Any CPU
		{672C3BFF-0FD9-4435-B8CF-DC5F6AC3E675}.Debug|x86.Build.0 = Debug|Any CPU
		{672C3BFF-0FD9-4435-B8CF-DC5F6AC3E675}.Release|Any CPU.ActiveCfg = Release|Any CPU
		{672C3BFF-0FD9-4435-B8CF-DC5F6AC3E675}.Release|Any CPU.Build.0 = Release|Any CPU
		{672C3BFF-0FD9-4435-B8CF-DC5F6AC3E675}.Release|ARM64.ActiveCfg = Release|Any CPU
		{672C3BFF-0FD9-4435-B8CF-DC5F6AC3E675}.Release|ARM64.Build.0 = Release|Any CPU
		{672C3BFF-0FD9-4435-B8CF-DC5F6AC3E675}.Release|x64.ActiveCfg = Release|Any CPU
		{672C3BFF-0FD9-4435-B8CF-DC5F6AC3E675}.Release|x64.Build.0 = Release|Any CPU
		{672C3BFF-0FD9-4435-B8CF-DC5F6AC3E675}.Release|x86.ActiveCfg = Release|Any CPU
		{672C3BFF-0FD9-4435-B8CF-DC5F6AC3E675}.Release|x86.Build.0 = Release|Any CPU
		{B9C25A70-6374-47B0-A4CD-0C2AE166F2EC}.Debug|Any CPU.ActiveCfg = Debug|x64
		{B9C25A70-6374-47B0-A4CD-0C2AE166F2EC}.Debug|Any CPU.Build.0 = Debug|x64
		{B9C25A70-6374-47B0-A4CD-0C2AE166F2EC}.Debug|Any CPU.Deploy.0 = Debug|x64
		{B9C25A70-6374-47B0-A4CD-0C2AE166F2EC}.Debug|ARM64.ActiveCfg = Debug|ARM64
		{B9C25A70-6374-47B0-A4CD-0C2AE166F2EC}.Debug|ARM64.Build.0 = Debug|ARM64
		{B9C25A70-6374-47B0-A4CD-0C2AE166F2EC}.Debug|ARM64.Deploy.0 = Debug|ARM64
		{B9C25A70-6374-47B0-A4CD-0C2AE166F2EC}.Debug|x64.ActiveCfg = Debug|x64
		{B9C25A70-6374-47B0-A4CD-0C2AE166F2EC}.Debug|x64.Build.0 = Debug|x64
		{B9C25A70-6374-47B0-A4CD-0C2AE166F2EC}.Debug|x64.Deploy.0 = Debug|x64
		{B9C25A70-6374-47B0-A4CD-0C2AE166F2EC}.Debug|x86.ActiveCfg = Debug|x86
		{B9C25A70-6374-47B0-A4CD-0C2AE166F2EC}.Debug|x86.Build.0 = Debug|x86
		{B9C25A70-6374-47B0-A4CD-0C2AE166F2EC}.Debug|x86.Deploy.0 = Debug|x86
		{B9C25A70-6374-47B0-A4CD-0C2AE166F2EC}.Release|Any CPU.ActiveCfg = Release|x64
		{B9C25A70-6374-47B0-A4CD-0C2AE166F2EC}.Release|Any CPU.Build.0 = Release|x64
		{B9C25A70-6374-47B0-A4CD-0C2AE166F2EC}.Release|Any CPU.Deploy.0 = Release|x64
		{B9C25A70-6374-47B0-A4CD-0C2AE166F2EC}.Release|ARM64.ActiveCfg = Release|ARM64
		{B9C25A70-6374-47B0-A4CD-0C2AE166F2EC}.Release|ARM64.Build.0 = Release|ARM64
		{B9C25A70-6374-47B0-A4CD-0C2AE166F2EC}.Release|ARM64.Deploy.0 = Release|ARM64
		{B9C25A70-6374-47B0-A4CD-0C2AE166F2EC}.Release|x64.ActiveCfg = Release|x64
		{B9C25A70-6374-47B0-A4CD-0C2AE166F2EC}.Release|x64.Build.0 = Release|x64
		{B9C25A70-6374-47B0-A4CD-0C2AE166F2EC}.Release|x64.Deploy.0 = Release|x64
		{B9C25A70-6374-47B0-A4CD-0C2AE166F2EC}.Release|x86.ActiveCfg = Release|x86
		{B9C25A70-6374-47B0-A4CD-0C2AE166F2EC}.Release|x86.Build.0 = Release|x86
		{B9C25A70-6374-47B0-A4CD-0C2AE166F2EC}.Release|x86.Deploy.0 = Release|x86
		{793AF04F-7148-46AE-B87D-FB93D7CBBB6C}.Debug|Any CPU.ActiveCfg = Debug|Any CPU
		{793AF04F-7148-46AE-B87D-FB93D7CBBB6C}.Debug|Any CPU.Build.0 = Debug|Any CPU
		{793AF04F-7148-46AE-B87D-FB93D7CBBB6C}.Debug|ARM64.ActiveCfg = Debug|Any CPU
		{793AF04F-7148-46AE-B87D-FB93D7CBBB6C}.Debug|ARM64.Build.0 = Debug|Any CPU
		{793AF04F-7148-46AE-B87D-FB93D7CBBB6C}.Debug|x64.ActiveCfg = Debug|Any CPU
		{793AF04F-7148-46AE-B87D-FB93D7CBBB6C}.Debug|x64.Build.0 = Debug|Any CPU
		{793AF04F-7148-46AE-B87D-FB93D7CBBB6C}.Debug|x86.ActiveCfg = Debug|Any CPU
		{793AF04F-7148-46AE-B87D-FB93D7CBBB6C}.Debug|x86.Build.0 = Debug|Any CPU
		{793AF04F-7148-46AE-B87D-FB93D7CBBB6C}.Release|Any CPU.ActiveCfg = Release|Any CPU
		{793AF04F-7148-46AE-B87D-FB93D7CBBB6C}.Release|Any CPU.Build.0 = Release|Any CPU
		{793AF04F-7148-46AE-B87D-FB93D7CBBB6C}.Release|ARM64.ActiveCfg = Release|Any CPU
		{793AF04F-7148-46AE-B87D-FB93D7CBBB6C}.Release|ARM64.Build.0 = Release|Any CPU
		{793AF04F-7148-46AE-B87D-FB93D7CBBB6C}.Release|x64.ActiveCfg = Release|Any CPU
		{793AF04F-7148-46AE-B87D-FB93D7CBBB6C}.Release|x64.Build.0 = Release|Any CPU
		{793AF04F-7148-46AE-B87D-FB93D7CBBB6C}.Release|x86.ActiveCfg = Release|Any CPU
		{793AF04F-7148-46AE-B87D-FB93D7CBBB6C}.Release|x86.Build.0 = Release|Any CPU
	EndGlobalSection
	GlobalSection(SolutionProperties) = preSolution
		HideSolutionNode = FALSE
	EndGlobalSection
	GlobalSection(NestedProjects) = preSolution
		{516AF835-097D-4CF1-95BB-1B12B3B15694} = {11C998D6-7B51-4118-A4B6-F0C6F2F9115D}
		{05E296B0-9E67-4385-9268-8BB4E54DECDE} = {11C998D6-7B51-4118-A4B6-F0C6F2F9115D}
		{B9C25A70-6374-47B0-A4CD-0C2AE166F2EC} = {02EA681E-C7D8-13C7-8484-4AC65E1B71E8}
		{793AF04F-7148-46AE-B87D-FB93D7CBBB6C} = {11C998D6-7B51-4118-A4B6-F0C6F2F9115D}
	EndGlobalSection
	GlobalSection(ExtensibilityGlobals) = postSolution
		SolutionGuid = {B9A90B1F-237B-4D76-B288-ED5A27D83A9B}
	EndGlobalSection
EndGlobal
